
Microsoft Visual Studio Solution File, Format Version 10.00
# Visual Studio 2008
Project("{F184B08F-C81C-45F6-A57F-5ABD9991F28F}") = "StopInvGueret", "StopInvGueret\StopInvGueret.vbproj", "{E5ECD324-D7D2-448E-898B-1E91E6F632D7}"
EndProject
Project("{B900F1C2-3D47-4FEC-85B3-04AAF18C3634}") = "StopInvGueretCAB", "StopInvGueretCAB\StopInvGueretCAB.vddproj", "{0C176DA1-CC57-47D8-8BFE-3A3FCD3B2CAF}"
EndProject
Global
	GlobalSection(SolutionConfigurationPlatforms) = preSolution
		Debug|Any CPU = Debug|Any CPU
		Release|Any CPU = Release|Any CPU
	EndGlobalSection
	GlobalSection(ProjectConfigurationPlatforms) = postSolution
		{E5ECD324-D7D2-448E-898B-1E91E6F632D7}.Debug|Any CPU.ActiveCfg = Debug|Any CPU
		{E5ECD324-D7D2-448E-898B-1E91E6F632D7}.Debug|Any CPU.Build.0 = Debug|Any CPU
		{E5ECD324-D7D2-448E-898B-1E91E6F632D7}.Debug|Any CPU.Deploy.0 = Debug|Any CPU
		{E5ECD324-D7D2-448E-898B-1E91E6F632D7}.Release|Any CPU.ActiveCfg = Release|Any CPU
		{E5ECD324-D7D2-448E-898B-1E91E6F632D7}.Release|Any CPU.Build.0 = Release|Any CPU
		{E5ECD324-D7D2-448E-898B-1E91E6F632D7}.Release|Any CPU.Deploy.0 = Release|Any CPU
		{0C176DA1-CC57-47D8-8BFE-3A3FCD3B2CAF}.Debug|Any CPU.ActiveCfg = Debug
		{0C176DA1-CC57-47D8-8BFE-3A3FCD3B2CAF}.Release|Any CPU.ActiveCfg = Release
	EndGlobalSection
	GlobalSection(SolutionProperties) = preSolution
		HideSolutionNode = FALSE
	EndGlobalSection
EndGlobal
